
Microsoft Visual Studio Solution File, Format Version 12.00
# Visual Studio Version 17
VisualStudioVersion = 17.3.32929.385
MinimumVisualStudioVersion = 10.0.40219.1
Project("{888888A0-9F3D-457C-B088-3A5042F75D52}") = "GEE-learning", "GEE-learning.pyproj", "{6DC66A17-4E52-4393-AE4C-30E463EE3965}"
EndProject
Global
	GlobalSection(SolutionConfigurationPlatforms) = preSolution
		Debug|Any CPU = Debug|Any CPU
		Release|Any CPU = Release|Any CPU
	EndGlobalSection
	GlobalSection(ProjectConfigurationPlatforms) = postSolution
		{6DC66A17-4E52-4393-AE4C-30E463EE3965}.Debug|Any CPU.ActiveCfg = Debug|Any CPU
		{6DC66A17-4E52-4393-AE4C-30E463EE3965}.Release|Any CPU.ActiveCfg = Release|Any CPU
	EndGlobalSection
	GlobalSection(SolutionProperties) = preSolution
		HideSolutionNode = FALSE
	EndGlobalSection
	GlobalSection(ExtensibilityGlobals) = postSolution
		SolutionGuid = {ED58483C-2798-4644-A7A5-FE2AB111F711}
	EndGlobalSection
EndGlobal
